// !$*UTF8*$!
{
	archiveVersion = 1;
	classes = {
	};
	objectVersion = 50;
	objects = {

/* Begin PBXBuildFile section */
		1FC28F9E225D7F57007F97AF /* AppDelegate.swift in Sources */ = {isa = PBXBuildFile; fileRef = 1FC28F9D225D7F57007F97AF /* AppDelegate.swift */; };
		1FC28FA0225D7F57007F97AF /* ViewController.swift in Sources */ = {isa = PBXBuildFile; fileRef = 1FC28F9F225D7F57007F97AF /* ViewController.swift */; };
		1FC28FA2225D7F57007F97AF /* Assets.xcassets in Resources */ = {isa = PBXBuildFile; fileRef = 1FC28FA1225D7F57007F97AF /* Assets.xcassets */; };
		1FC28FA5225D7F57007F97AF /* Main.storyboard in Resources */ = {isa = PBXBuildFile; fileRef = 1FC28FA3225D7F57007F97AF /* Main.storyboard */; };
		1FC28FAE225D7F8D007F97AF /* Renderer.swift in Sources */ = {isa = PBXBuildFile; fileRef = 1FC28FAD225D7F8D007F97AF /* Renderer.swift */; };
		1FC28FB0225D80C9007F97AF /* NSError+Extensions.swift in Sources */ = {isa = PBXBuildFile; fileRef = 1FC28FAF225D80C9007F97AF /* NSError+Extensions.swift */; };
		1FC28FB2225D8157007F97AF /* Shaders.metal in Sources */ = {isa = PBXBuildFile; fileRef = 1FC28FB1225D8157007F97AF /* Shaders.metal */; };
		1FC28FB4225D8285007F97AF /* OrthographicProjection.swift in Sources */ = {isa = PBXBuildFile; fileRef = 1FC28FB3225D8285007F97AF /* OrthographicProjection.swift */; };
/* End PBXBuildFile section */

/* Begin PBXFileReference section */
		1FC28F9A225D7F57007F97AF /* MetalSpriteDemo.app */ = {isa = PBXFileReference; explicitFileType = wrapper.application; includeInIndex = 0; path = MetalSpriteDemo.app; sourceTree = BUILT_PRODUCTS_DIR; };
		1FC28F9D225D7F57007F97AF /* AppDelegate.swift */ = {isa = PBXFileReference; lastKnownFileType = sourcecode.swift; path = AppDelegate.swift; sourceTree = "<group>"; };
		1FC28F9F225D7F57007F97AF /* ViewController.swift */ = {isa = PBXFileReference; lastKnownFileType = sourcecode.swift; path = ViewController.swift; sourceTree = "<group>"; };
		1FC28FA1225D7F57007F97AF /* Assets.xcassets */ = {isa = PBXFileReference; lastKnownFileType = folder.assetcatalog; path = Assets.xcassets; sourceTree = "<group>"; };
		1FC28FA4225D7F57007F97AF /* Base */ = {isa = PBXFileReference; lastKnownFileType = file.storyboard; name = Base; path = Base.lproj/Main.storyboard; sourceTree = "<group>"; };
		1FC28FA6225D7F57007F97AF /* Info.plist */ = {isa = PBXFileReference; lastKnownFileType = text.plist.xml; path = Info.plist; sourceTree = "<group>"; };
		1FC28FA7225D7F57007F97AF /* MetalSpriteDemo.entitlements */ = {isa = PBXFileReference; lastKnownFileType = text.plist.entitlements; path = MetalSpriteDemo.entitlements; sourceTree = "<group>"; };
		1FC28FAD225D7F8D007F97AF /* Renderer.swift */ = {isa = PBXFileReference; lastKnownFileType = sourcecode.swift; path = Renderer.swift; sourceTree = "<group>"; };
		1FC28FAF225D80C9007F97AF /* NSError+Extensions.swift */ = {isa = PBXFileReference; lastKnownFileType = sourcecode.swift; path = "NSError+Extensions.swift"; sourceTree = "<group>"; };
		1FC28FB1225D8157007F97AF /* Shaders.metal */ = {isa = PBXFileReference; lastKnownFileType = sourcecode.metal; path = Shaders.metal; sourceTree = "<group>"; };
		1FC28FB3225D8285007F97AF /* OrthographicProjection.swift */ = {isa = PBXFileReference; lastKnownFileType = sourcecode.swift; path = OrthographicProjection.swift; sourceTree = "<group>"; };
/* End PBXFileReference section */

/* Begin PBXFrameworksBuildPhase section */
		1FC28F97225D7F57007F97AF /* Frameworks */ = {
			isa = PBXFrameworksBuildPhase;
			buildActionMask = 2147483647;
			files = (
			);
			runOnlyForDeploymentPostprocessing = 0;
		};
/* End PBXFrameworksBuildPhase section */

/* Begin PBXGroup section */
		1FC28F91225D7F57007F97AF = {
			isa = PBXGroup;
			children = (
				1FC28F9C225D7F57007F97AF /* MetalSpriteDemo */,
				1FC28F9B225D7F57007F97AF /* Products */,
			);
			sourceTree = "<group>";
		};
		1FC28F9B225D7F57007F97AF /* Products */ = {
			isa = PBXGroup;
			children = (
				1FC28F9A225D7F57007F97AF /* MetalSpriteDemo.app */,
			);
			name = Products;
			sourceTree = "<group>";
		};
		1FC28F9C225D7F57007F97AF /* MetalSpriteDemo */ = {
			isa = PBXGroup;
			children = (
				1FC28F9D225D7F57007F97AF /* AppDelegate.swift */,
				1FC28F9F225D7F57007F97AF /* ViewController.swift */,
				1FC28FAD225D7F8D007F97AF /* Renderer.swift */,
				1FC28FB1225D8157007F97AF /* Shaders.metal */,
				1FC28FB3225D8285007F97AF /* OrthographicProjection.swift */,
				1FC28FAF225D80C9007F97AF /* NSError+Extensions.swift */,
				1FC28FA1225D7F57007F97AF /* Assets.xcassets */,
				1FC28FA3225D7F57007F97AF /* Main.storyboard */,
				1FC28FA6225D7F57007F97AF /* Info.plist */,
				1FC28FA7225D7F57007F97AF /* MetalSpriteDemo.entitlements */,
			);
			path = MetalSpriteDemo;
			sourceTree = "<group>";
		};
/* End PBXGroup section */

/* Begin PBXNativeTarget section */
		1FC28F99225D7F57007F97AF /* MetalSpriteDemo */ = {
			isa = PBXNativeTarget;
			buildConfigurationList = 1FC28FAA225D7F57007F97AF /* Build configuration list for PBXNativeTarget "MetalSpriteDemo" */;
			buildPhases = (
				1FC28F96225D7F57007F97AF /* Sources */,
				1FC28F97225D7F57007F97AF /* Frameworks */,
				1FC28F98225D7F57007F97AF /* Resources */,
			);
			buildRules = (
			);
			dependencies = (
			);
			name = MetalSpriteDemo;
			productName = MetalSpriteDemo;
			productReference = 1FC28F9A225D7F57007F97AF /* MetalSpriteDemo.app */;
			productType = "com.apple.product-type.application";
		};
/* End PBXNativeTarget section */

/* Begin PBXProject section */
		1FC28F92225D7F57007F97AF /* Project object */ = {
			isa = PBXProject;
			attributes = {
				LastSwiftUpdateCheck = 1020;
				LastUpgradeCheck = 1020;
				ORGANIZATIONNAME = "Nicolás Miari";
				TargetAttributes = {
					1FC28F99225D7F57007F97AF = {
						CreatedOnToolsVersion = 10.2;
					};
				};
			};
			buildConfigurationList = 1FC28F95225D7F57007F97AF /* Build configuration list for PBXProject "MetalSpriteDemo" */;
			compatibilityVersion = "Xcode 9.3";
			developmentRegion = en;
			hasScannedForEncodings = 0;
			knownRegions = (
				en,
				Base,
			);
			mainGroup = 1FC28F91225D7F57007F97AF;
			productRefGroup = 1FC28F9B225D7F57007F97AF /* Products */;
			projectDirPath = "";
			projectRoot = "";
			targets = (
				1FC28F99225D7F57007F97AF /* MetalSpriteDemo */,
			);
		};
/* End PBXProject section */

/* Begin PBXResourcesBuildPhase section */
		1FC28F98225D7F57007F97AF /* Resources */ = {
			isa = PBXResourcesBuildPhase;
			buildActionMask = 2147483647;
			files = (
				1FC28FA2225D7F57007F97AF /* Assets.xcassets in Resources */,
				1FC28FA5225D7F57007F97AF /* Main.storyboard in Resources */,
			);
			runOnlyForDeploymentPostprocessing = 0;
		};
/* End PBXResourcesBuildPhase section */

/* Begin PBXSourcesBuildPhase section */
		1FC28F96225D7F57007F97AF /* Sources */ = {
			isa = PBXSourcesBuildPhase;
			buildActionMask = 2147483647;
			files = (
				1FC28FB4225D8285007F97AF /* OrthographicProjection.swift in Sources */,
				1FC28FA0225D7F57007F97AF /* ViewController.swift in Sources */,
				1FC28FB0225D80C9007F97AF /* NSError+Extensions.swift in Sources */,
				1FC28FAE225D7F8D007F97AF /* Renderer.swift in Sources */,
				1FC28F9E225D7F57007F97AF /* AppDelegate.swift in Sources */,
				1FC28FB2225D8157007F97AF /* Shaders.metal in Sources */,
			);
			runOnlyForDeploymentPostprocessing = 0;
		};
/* End PBXSourcesBuildPhase section */

/* Begin PBXVariantGroup section */
		1FC28FA3225D7F57007F97AF /* Main.storyboard */ = {
			isa = PBXVariantGroup;
			children = (
				1FC28FA4225D7F57007F97AF /* Base */,
			);
			name = Main.storyboard;
			sourceTree = "<group>";
		};
/* End PBXVariantGroup section */

/* Begin XCBuildConfiguration section */
		1FC28FA8225D7F57007F97AF /* Debug */ = {
			isa = XCBuildConfiguration;
			buildSettings = {
				ALWAYS_SEARCH_USER_PATHS = NO;
				CLANG_ANALYZER_NONNULL = YES;
				CLANG_ANALYZER_NUMBER_OBJECT_CONVERSION = YES_AGGRESSIVE;
				CLANG_CXX_LANGUAGE_STANDARD = "gnu++14";
				CLANG_CXX_LIBRARY = "libc++";
				CLANG_ENABLE_MODULES = YES;
				CLANG_ENABLE_OBJC_ARC = YES;
				CLANG_ENABLE_OBJC_WEAK = YES;
				CLANG_WARN_BLOCK_CAPTURE_AUTORELEASING = YES;
				CLANG_WARN_BOOL_CONVERSION = YES;
				CLANG_WARN_COMMA = YES;
				CLANG_WARN_CONSTANT_CONVERSION = YES;
				CLANG_WARN_DEPRECATED_OBJC_IMPLEMENTATIONS = YES;
				CLANG_WARN_DIRECT_OBJC_ISA_USAGE = YES_ERROR;
				CLANG_WARN_DOCUMENTATION_COMMENTS = YES;
				CLANG_WARN_EMPTY_BODY = YES;
				CLANG_WARN_ENUM_CONVERSION = YES;
				CLANG_WARN_INFINITE_RECURSION = YES;
				CLANG_WARN_INT_CONVERSION = YES;
				CLANG_WARN_NON_LITERAL_NULL_CONVERSION = YES;
				CLANG_WARN_OBJC_IMPLICIT_RETAIN_SELF = YES;
				CLANG_WARN_OBJC_LITERAL_CONVERSION = YES;
				CLANG_WARN_OBJC_ROOT_CLASS = YES_ERROR;
				CLANG_WARN_RANGE_LOOP_ANALYSIS = YES;
				CLANG_WARN_STRICT_PROTOTYPES = YES;
				CLANG_WARN_SUSPICIOUS_MOVE = YES;
				CLANG_WARN_UNGUARDED_AVAILABILITY = YES_AGGRESSIVE;
				CLANG_WARN_UNREACHABLE_CODE = YES;
				CLANG_WARN__DUPLICATE_METHOD_MATCH = YES;
				CODE_SIGN_IDENTITY = "Mac Developer";
				COPY_PHASE_STRIP = NO;
				DEBUG_INFORMATION_FORMAT = dwarf;
				ENABLE_STRICT_OBJC_MSGSEND = YES;
				ENABLE_TESTABILITY = YES;
				GCC_C_LANGUAGE_STANDARD = gnu11;
				GCC_DYNAMIC_NO_PIC = NO;
				GCC_NO_COMMON_BLOCKS = YES;
				GCC_OPTIMIZATION_LEVEL = 0;
				GCC_PREPROCESSOR_DEFINITIONS = (
					"DEBUG=1",
					"$(inherited)",
				);
				GCC_WARN_64_TO_32_BIT_CONVERSION = YES;
				GCC_WARN_ABOUT_RETURN_TYPE = YES_ERROR;
				GCC_WARN_UNDECLARED_SELECTOR = YES;
				GCC_WARN_UNINITIALIZED_AUTOS = YES_AGGRESSIVE;
				GCC_WARN_UNUSED_FUNCTION = YES;
				GCC_WARN_UNUSED_VARIABLE = YES;
				MACOSX_DEPLOYMENT_TARGET = 10.14;
				MTL_ENABLE_DEBUG_INFO = INCLUDE_SOURCE;
				MTL_FAST_MATH = YES;
				ONLY_ACTIVE_ARCH = YES;
				SDKROOT = macosx;
				SWIFT_ACTIVE_COMPILATION_CONDITIONS = DEBUG;
				SWIFT_OPTIMIZATION_LEVEL = "-Onone";
			};
			name = Debug;
		};
		1FC28FA9225D7F57007F97AF /* Release */ = {
			isa = XCBuildConfiguration;
			buildSettings = {
				ALWAYS_SEARCH_USER_PATHS = NO;
				CLANG_ANALYZER_NONNULL = YES;
				CLANG_ANALYZER_NUMBER_OBJECT_CONVERSION = YES_AGGRESSIVE;
				CLANG_CXX_LANGUAGE_STANDARD = "gnu++14";
				CLANG_CXX_LIBRARY = "libc++";
				CLANG_ENABLE_MODULES = YES;
				CLANG_ENABLE_OBJC_ARC = YES;
				CLANG_ENABLE_OBJC_WEAK = YES;
				CLANG_WARN_BLOCK_CAPTURE_AUTORELEASING = YES;
				CLANG_WARN_BOOL_CONVERSION = YES;
				CLANG_WARN_COMMA = YES;
				CLANG_WARN_CONSTANT_CONVERSION = YES;
				CLANG_WARN_DEPRECATED_OBJC_IMPLEMENTATIONS = YES;
				CLANG_WARN_DIRECT_OBJC_ISA_USAGE = YES_ERROR;
				CLANG_WARN_DOCUMENTATION_COMMENTS = YES;
				CLANG_WARN_EMPTY_BODY = YES;
				CLANG_WARN_ENUM_CONVERSION = YES;
				CLANG_WARN_INFINITE_RECURSION = YES;
				CLANG_WARN_INT_CONVERSION = YES;
				CLANG_WARN_NON_LITERAL_NULL_CONVERSION = YES;
				CLANG_WARN_OBJC_IMPLICIT_RETAIN_SELF = YES;
				CLANG_WARN_OBJC_LITERAL_CONVERSION = YES;
				CLANG_WARN_OBJC_ROOT_CLASS = YES_ERROR;
				CLANG_WARN_RANGE_LOOP_ANALYSIS = YES;
				CLANG_WARN_STRICT_PROTOTYPES = YES;
				CLANG_WARN_SUSPICIOUS_MOVE = YES;
				CLANG_WARN_UNGUARDED_AVAILABILITY = YES_AGGRESSIVE;
				CLANG_WARN_UNREACHABLE_CODE = YES;
				CLANG_WARN__DUPLICATE_METHOD_MATCH = YES;
				CODE_SIGN_IDENTITY = "Mac Developer";
				COPY_PHASE_STRIP = NO;
				DEBUG_INFORMATION_FORMAT = "dwarf-with-dsym";
				ENABLE_NS_ASSERTIONS = NO;
				ENABLE_STRICT_OBJC_MSGSEND = YES;
				GCC_C_LANGUAGE_STANDARD = gnu11;
				GCC_NO_COMMON_BLOCKS = YES;
				GCC_WARN_64_TO_32_BIT_CONVERSION = YES;
				GCC_WARN_ABOUT_RETURN_TYPE = YES_ERROR;
				GCC_WARN_UNDECLARED_SELECTOR = YES;
				GCC_WARN_UNINITIALIZED_AUTOS = YES_AGGRESSIVE;
				GCC_WARN_UNUSED_FUNCTION = YES;
				GCC_WARN_UNUSED_VARIABLE = YES;
				MACOSX_DEPLOYMENT_TARGET = 10.14;
				MTL_ENABLE_DEBUG_INFO = NO;
				MTL_FAST_MATH = YES;
				SDKROOT = macosx;
				SWIFT_COMPILATION_MODE = wholemodule;
				SWIFT_OPTIMIZATION_LEVEL = "-O";
			};
			name = Release;
		};
		1FC28FAB225D7F57007F97AF /* Debug */ = {
			isa = XCBuildConfiguration;
			buildSettings = {
				ASSETCATALOG_COMPILER_APPICON_NAME = AppIcon;
				CODE_SIGN_ENTITLEMENTS = MetalSpriteDemo/MetalSpriteDemo.entitlements;
				CODE_SIGN_STYLE = Automatic;
				COMBINE_HIDPI_IMAGES = YES;
				DEVELOPMENT_TEAM = D2D4S4F85R;
				INFOPLIST_FILE = MetalSpriteDemo/Info.plist;
				LD_RUNPATH_SEARCH_PATHS = (
					"$(inherited)",
					"@executable_path/../Frameworks",
				);
				PRODUCT_BUNDLE_IDENTIFIER = com.nicolasmiari.MetalSpriteDemo;
				PRODUCT_NAME = "$(TARGET_NAME)";
				SWIFT_VERSION = 5.0;
			};
			name = Debug;
		};
		1FC28FAC225D7F57007F97AF /* Release */ = {
			isa = XCBuildConfiguration;
			buildSettings = {
				ASSETCATALOG_COMPILER_APPICON_NAME = AppIcon;
				CODE_SIGN_ENTITLEMENTS = MetalSpriteDemo/MetalSpriteDemo.entitlements;
				CODE_SIGN_STYLE = Automatic;
				COMBINE_HIDPI_IMAGES = YES;
				DEVELOPMENT_TEAM = D2D4S4F85R;
				INFOPLIST_FILE = MetalSpriteDemo/Info.plist;
				LD_RUNPATH_SEARCH_PATHS = (
					"$(inherited)",
					"@executable_path/../Frameworks",
				);
				PRODUCT_BUNDLE_IDENTIFIER = com.nicolasmiari.MetalSpriteDemo;
				PRODUCT_NAME = "$(TARGET_NAME)";
				SWIFT_VERSION = 5.0;
			};
			name = Release;
		};
/* End XCBuildConfiguration section */

/* Begin XCConfigurationList section */
		1FC28F95225D7F57007F97AF /* Build configuration list for PBXProject "MetalSpriteDemo" */ = {
			isa = XCConfigurationList;
			buildConfigurations = (
				1FC28FA8225D7F57007F97AF /* Debug */,
				1FC28FA9225D7F57007F97AF /* Release */,
			);
			defaultConfigurationIsVisible = 0;
			defaultConfigurationName = Release;
		};
		1FC28FAA225D7F57007F97AF /* Build configuration list for PBXNativeTarget "MetalSpriteDemo" */ = {
			isa = XCConfigurationList;
			buildConfigurations = (
				1FC28FAB225D7F57007F97AF /* Debug */,
				1FC28FAC225D7F57007F97AF /* Release */,
			);
			defaultConfigurationIsVisible = 0;
			defaultConfigurationName = Release;
		};
/* End XCConfigurationList section */
	};
	rootObject = 1FC28F92225D7F57007F97AF /* Project object */;
}
